
Microsoft Visual Studio Solution File, Format Version 12.00
# Visual Studio Version 16
VisualStudioVersion = 16.0.31729.503
MinimumVisualStudioVersion = 10.0.40219.1
Project("{FAE04EC0-301F-11D3-BF4B-00C04F79EFBC}") = "music_library", "music_library\music_library.csproj", "{2B458159-E4FF-4571-B9FB-CA274A930998}"
EndProject
Global
	GlobalSection(SolutionConfigurationPlatforms) = preSolution
		Debug|Any CPU = Debug|Any CPU
		Release|Any CPU = Release|Any CPU
	EndGlobalSection
	GlobalSection(ProjectConfigurationPlatforms) = postSolution
		{2B458159-E4FF-4571-B9FB-CA274A930998}.Debug|Any CPU.ActiveCfg = Debug|Any CPU
		{2B458159-E4FF-4571-B9FB-CA274A930998}.Debug|Any CPU.Build.0 = Debug|Any CPU
		{2B458159-E4FF-4571-B9FB-CA274A930998}.Release|Any CPU.ActiveCfg = Release|Any CPU
		{2B458159-E4FF-4571-B9FB-CA274A930998}.Release|Any CPU.Build.0 = Release|Any CPU
	EndGlobalSection
	GlobalSection(SolutionProperties) = preSolution
		HideSolutionNode = FALSE
	EndGlobalSection
	GlobalSection(ExtensibilityGlobals) = postSolution
		SolutionGuid = {E79D4F87-DF4D-43C4-8CBF-BDFECC9D3523}
	EndGlobalSection
EndGlobal
